
Microsoft Visual Studio Solution File, Format Version 12.00
# Visual Studio Version 16
VisualStudioVersion = 16.0.30330.147
MinimumVisualStudioVersion = 10.0.40219.1
Project("{9A19103F-16F7-4668-BE54-9A1E7A4F7556}") = "Question7", "Question7.csproj", "{918C5B54-BD17-47DD-AD23-C7AE3543D19B}"
EndProject
Global
	GlobalSection(SolutionConfigurationPlatforms) = preSolution
		Debug|Any CPU = Debug|Any CPU
		Release|Any CPU = Release|Any CPU
	EndGlobalSection
	GlobalSection(ProjectConfigurationPlatforms) = postSolution
		{918C5B54-BD17-47DD-AD23-C7AE3543D19B}.Debug|Any CPU.ActiveCfg = Debug|Any CPU
		{918C5B54-BD17-47DD-AD23-C7AE3543D19B}.Debug|Any CPU.Build.0 = Debug|Any CPU
		{918C5B54-BD17-47DD-AD23-C7AE3543D19B}.Release|Any CPU.ActiveCfg = Release|Any CPU
		{918C5B54-BD17-47DD-AD23-C7AE3543D19B}.Release|Any CPU.Build.0 = Release|Any CPU
	EndGlobalSection
	GlobalSection(SolutionProperties) = preSolution
		HideSolutionNode = FALSE
	EndGlobalSection
	GlobalSection(ExtensibilityGlobals) = postSolution
		SolutionGuid = {A04985FB-EC2C-4F21-BF13-844063539C78}
	EndGlobalSection
EndGlobal
